
Microsoft Visual Studio Solution File, Format Version 12.00
# Visual Studio Version 17
VisualStudioVersion = 17.7.34221.43
MinimumVisualStudioVersion = 10.0.40219.1
Project("{FAE04EC0-301F-11D3-BF4B-00C04F79EFBC}") = "0830 Console", "0830 Console.csproj", "{650F283D-4A6F-48F4-AEDF-714AD7282B8B}"
EndProject
Global
	GlobalSection(SolutionConfigurationPlatforms) = preSolution
		Debug|Any CPU = Debug|Any CPU
		Release|Any CPU = Release|Any CPU
	EndGlobalSection
	GlobalSection(ProjectConfigurationPlatforms) = postSolution
		{650F283D-4A6F-48F4-AEDF-714AD7282B8B}.Debug|Any CPU.ActiveCfg = Debug|Any CPU
		{650F283D-4A6F-48F4-AEDF-714AD7282B8B}.Debug|Any CPU.Build.0 = Debug|Any CPU
		{650F283D-4A6F-48F4-AEDF-714AD7282B8B}.Release|Any CPU.ActiveCfg = Release|Any CPU
		{650F283D-4A6F-48F4-AEDF-714AD7282B8B}.Release|Any CPU.Build.0 = Release|Any CPU
	EndGlobalSection
	GlobalSection(SolutionProperties) = preSolution
		HideSolutionNode = FALSE
	EndGlobalSection
	GlobalSection(ExtensibilityGlobals) = postSolution
		SolutionGuid = {89A3E63C-5A36-48A4-86EB-A9DA9A5DDEF4}
	EndGlobalSection
EndGlobal
